
Microsoft Visual Studio Solution File, Format Version 12.00
# Visual Studio Version 17
VisualStudioVersion = 17.6.33829.357
MinimumVisualStudioVersion = 10.0.40219.1
Project("{9A19103F-16F7-4668-BE54-9A1E7A4F7556}") = "TeskeHomeAssistant", "TeskeHomeAssistant.csproj", "{7637E9B7-BBBB-464A-956C-1CBC2B6BEA70}"
EndProject
Global
	GlobalSection(SolutionConfigurationPlatforms) = preSolution
		Debug|Any CPU = Debug|Any CPU
		Release|Any CPU = Release|Any CPU
	EndGlobalSection
	GlobalSection(ProjectConfigurationPlatforms) = postSolution
		{7637E9B7-BBBB-464A-956C-1CBC2B6BEA70}.Debug|Any CPU.ActiveCfg = Debug|Any CPU
		{7637E9B7-BBBB-464A-956C-1CBC2B6BEA70}.Debug|Any CPU.Build.0 = Debug|Any CPU
		{7637E9B7-BBBB-464A-956C-1CBC2B6BEA70}.Release|Any CPU.ActiveCfg = Release|Any CPU
		{7637E9B7-BBBB-464A-956C-1CBC2B6BEA70}.Release|Any CPU.Build.0 = Release|Any CPU
	EndGlobalSection
	GlobalSection(SolutionProperties) = preSolution
		HideSolutionNode = FALSE
	EndGlobalSection
	GlobalSection(ExtensibilityGlobals) = postSolution
		SolutionGuid = {B8ED9953-C083-4ECA-BBAA-541E995556BF}
	EndGlobalSection
EndGlobal
